# THIS IS AN AUTOGENERATED FILE. DO NOT EDIT THIS FILE DIRECTLY.
# yarn lockfile v1


"YASQE@https://github.com/YASGUI/YASQE.git#~1.4.0":
  version "1.4.0"
  resolved "https://github.com/YASGUI/YASQE.git#fab55484a76f7befebadc7ac20510db6717c2d22"
  dependencies:
    amplify "0.0.11"
    codemirror "~4.2.0"
    jquery "~ 1.11.0"
    store "^1.3.14"
    twitter-bootstrap-3.0.0 "^3.0.0"
    yasgui-utils "^1.0.0"

"YASR@https://github.com/YASGUI/YASR.git#~1.2.0":
  version "1.2.3"
  resolved "https://github.com/YASGUI/YASR.git#7a1027472f095d0173fb9dda937801141112123b"
  dependencies:
    codemirror "^4.2.0"
    jquery "~ 1.11.0"
    twitter-bootstrap-3.0.0 "^3.0.0"
    yasgui-utils "^1.4.1"
    yasgui-yasqe "^1.5.1"

amplify@0.0.11:
  version "0.0.11"
  resolved "https://registry.yarnpkg.com/amplify/-/amplify-0.0.11.tgz#fd81c7068c862823f2508b8f3c650eb76753f58c"
  integrity sha1-/YHHBoyGKCPyUIuPPGUOt2dT9Yw=

codemirror@^4.2.0:
  version "4.13.0"
  resolved "https://registry.yarnpkg.com/codemirror/-/codemirror-4.13.0.tgz#209772d38a7bb99647c37b500db121110dd9af6f"
  integrity sha1-IJdy04p7uZZHw3tQDbEhEQ3Zr28=

codemirror@~4.2.0:
  version "4.2.0"
  resolved "https://registry.yarnpkg.com/codemirror/-/codemirror-4.2.0.tgz#c80985c6e6cd5464e7b05a907702757382f0fdc5"
  integrity sha1-yAmFxubNVGTnsFqQdwJ1c4Lw/cU=

"jquery@~ 1.11.0":
  version "1.11.3"
  resolved "https://registry.yarnpkg.com/jquery/-/jquery-1.11.3.tgz#dd8b74278b27102d29df63eae28308a8cfa1b583"
  integrity sha1-3Yt0J4snEC0p32Pq4oMIqM+htYM=

"palladio-cards-component@https://github.com/simonwiles/palladio-cards-component#1.1.x":
  version "1.1.0"
  resolved "https://github.com/simonwiles/palladio-cards-component#021e8288c378a7bfe28e7d153214037ba88db4fa"

"palladio-facet-component@https://github.com/simonwiles/palladio-facet-component#1.2.x":
  version "1.2.0"
  resolved "https://github.com/simonwiles/palladio-facet-component#0971f8a70399e19e097a4482fcbbc005894f058a"

"palladio-graph-component@https://github.com/simonwiles/palladio-graph-component#1.1.x":
  version "1.1.0"
  resolved "https://github.com/simonwiles/palladio-graph-component#4b41141175b6a7d5cdd084c7268dcf1c6b8bc48c"

"palladio-map-component@https://github.com/simonwiles/palladio-map-component#1.2.x":
  version "1.2.0"
  resolved "https://github.com/simonwiles/palladio-map-component#8b01e9e7a97cd97c1a6f8a8846dc71325de198c6"

"palladio-table-component@https://github.com/simonwiles/palladio-table-component#1.2.x":
  version "1.2.0"
  resolved "https://github.com/simonwiles/palladio-table-component#41a2309349a455f0f5273dc174d942626101290d"

"palladio-timeline-component@https://github.com/simonwiles/palladio-timeline-component#1.1.x":
  version "1.1.0"
  resolved "https://github.com/simonwiles/palladio-timeline-component#7e72bdcb7eaeac234dd0be263199d25b5bc05a65"

"palladio-timespan-component@https://github.com/simonwiles/palladio-timespan-component#1.2.x":
  version "1.2.0"
  resolved "https://github.com/simonwiles/palladio-timespan-component#34a4bdf62d4c672e0230ba06e9106125ebf0fffb"

"palladio@https://github.com/simonwiles/palladio#cidr-2019":
  version "1.3.0"
  resolved "https://github.com/simonwiles/palladio#85695200593674b15b095384c91569fe2ffb2fd5"

store@^1.3.14:
  version "1.3.20"
  resolved "https://registry.yarnpkg.com/store/-/store-1.3.20.tgz#13ea7e3fb2d6c239868265d686b1d84e99c5be3e"
  integrity sha1-E+p+P7LWwjmGgmXWhrHYTpnFvj4=

store@^2.0.4:
  version "2.0.12"
  resolved "https://registry.yarnpkg.com/store/-/store-2.0.12.tgz#8c534e2a0b831f72b75fc5f1119857c44ef5d593"
  integrity sha1-jFNOKguDH3K3X8XxEZhXxE711ZM=

twitter-bootstrap-3.0.0@^3.0.0:
  version "3.0.0"
  resolved "https://registry.yarnpkg.com/twitter-bootstrap-3.0.0/-/twitter-bootstrap-3.0.0-3.0.0.tgz#30a24297b48373f93cd9abe10fd9924415c3d17a"
  integrity sha1-MKJCl7SDc/k82avhD9mSRBXD0Xo=

yasgui-utils@^1.0.0, yasgui-utils@^1.4.1:
  version "1.6.7"
  resolved "https://registry.yarnpkg.com/yasgui-utils/-/yasgui-utils-1.6.7.tgz#2bcfc5a315688de3ae6057883d9ae342b205f267"
  integrity sha1-K8/FoxVojeOuYFeIPZrjQrIF8mc=
  dependencies:
    store "^2.0.4"

yasgui-yasqe@^1.5.1:
  version "1.5.4"
  resolved "https://registry.yarnpkg.com/yasgui-yasqe/-/yasgui-yasqe-1.5.4.tgz#99c574f70a5a1b26bcd58331a7dd2be27b71b508"
  integrity sha1-mcV09wpaGya81YMxp90r4ntxtQg=
  dependencies:
    codemirror "^4.2.0"
    jquery "~ 1.11.0"
    twitter-bootstrap-3.0.0 "^3.0.0"
    yasgui-utils "^1.4.1"
